
Microsoft Visual Studio Solution File, Format Version 12.00
# Visual Studio 14
VisualStudioVersion = 14.0.25420.1
MinimumVisualStudioVersion = 10.0.40219.1
Project("{2150E333-8FDC-42A3-9474-1A3956D46DE8}") = ".nuget", ".nuget", "{C1C7C6AC-4AAC-45E4-94AC-DEC47A72F447}"
	ProjectSection(SolutionItems) = preProject
		.nuget\NuGet.Config = .nuget\NuGet.Config
	EndProjectSection
EndProject
Project("{2150E333-8FDC-42A3-9474-1A3956D46DE8}") = "build", "build", "{D0CF69C9-AB27-4062-8B7A-D7391C65EFE3}"
EndProject
Project("{2150E333-8FDC-42A3-9474-1A3956D46DE8}") = "Environments", "Environments", "{8F3C0046-1F47-4C8E-8B03-D35E96686C6F}"
	ProjectSection(SolutionItems) = preProject
		Environments\ConvertUseCases.config = Environments\ConvertUseCases.config
		Environments\ConvertUseCases.Load.config = Environments\ConvertUseCases.Load.config
		Environments\ConvertUseCases.Production.config = Environments\ConvertUseCases.Production.config
		Environments\Erm.config = Environments\Erm.config
		Environments\Erm.Load.config = Environments\Erm.Load.config
		Environments\Erm.Production.config = Environments\Erm.Production.config
		Environments\quartz.Production.config = Environments\quartz.Production.config
	EndProjectSection
EndProject
Project("{2150E333-8FDC-42A3-9474-1A3956D46DE8}") = "Templates", "Templates", "{F3C74BF1-8646-4DB6-AECB-42E10F8542B6}"
	ProjectSection(SolutionItems) = preProject
		Environments\Templates\ConvertUseCases.Test.config = Environments\Templates\ConvertUseCases.Test.config
		Environments\Templates\Erm.Test.config = Environments\Templates\Erm.Test.config
		Environments\Templates\quartz.Test.config = Environments\Templates\quartz.Test.config
	EndProjectSection
EndProject
Project("{2150E333-8FDC-42A3-9474-1A3956D46DE8}") = "Common", "Common", "{8A646634-2535-493C-A699-90B4D1C40A83}"
	ProjectSection(SolutionItems) = preProject
		Environments\Common\Erm.Release.config = Environments\Common\Erm.Release.config
	EndProjectSection
EndProject
Project("{FAE04EC0-301F-11D3-BF4B-00C04F79EFBC}") = "build", "build\build.csproj", "{8D547BD0-0127-4FC4-AD50-ECDD7BB17152}"
EndProject
Project("{2150E333-8FDC-42A3-9474-1A3956D46DE8}") = "Schemas", "Schemas", "{2798FE00-40AA-420B-A5EC-67FC2EBF88D8}"
	ProjectSection(SolutionItems) = preProject
		Schemas\Account.Aggregates.sql = Schemas\Account.Aggregates.sql
		Schemas\Advertisement.Aggregates.sql = Schemas\Advertisement.Aggregates.sql
		Schemas\Consistency.Aggregates.sql = Schemas\Consistency.Aggregates.sql
		Schemas\DropOldAggregates.sql = Schemas\DropOldAggregates.sql
		Schemas\DropOldFacts.sql = Schemas\DropOldFacts.sql
		Schemas\Facts.sql = Schemas\Facts.sql
		Schemas\Firm.Aggregates.sql = Schemas\Firm.Aggregates.sql
		Schemas\Messages.sql = Schemas\Messages.sql
		Schemas\Price.Aggregates.sql = Schemas\Price.Aggregates.sql
		Schemas\Project.Aggregates.sql = Schemas\Project.Aggregates.sql
		Schemas\Theme.Aggregates.sql = Schemas\Theme.Aggregates.sql
		Schemas\WebApp.sql = Schemas\WebApp.sql
	EndProjectSection
EndProject
Project("{2150E333-8FDC-42A3-9474-1A3956D46DE8}") = "Tests", "Tests", "{D5758A2D-BB93-47E5-A13B-4EEC203D4371}"
EndProject
Project("{FAE04EC0-301F-11D3-BF4B-00C04F79EFBC}") = "ValidationRules.Replication.Tests", "Tests\ValidationRules.Replication.Tests\ValidationRules.Replication.Tests.csproj", "{0AC56434-B3DA-48FB-B896-96E45D3122CE}"
EndProject
Project("{FAE04EC0-301F-11D3-BF4B-00C04F79EFBC}") = "ValidationRules.Replication.StateInitialization.Tests", "Tests\ValidationRules.Replication.StateInitialization.Tests\ValidationRules.Replication.StateInitialization.Tests.csproj", "{70926221-57BA-4FBC-949F-2BFABA903480}"
EndProject
Project("{FAE04EC0-301F-11D3-BF4B-00C04F79EFBC}") = "ValidationRules.OperationsProcessing", "ValidationRules.OperationsProcessing\ValidationRules.OperationsProcessing.csproj", "{6C1F4B07-10E4-4072-929A-0FDCDF53BF1B}"
EndProject
Project("{FAE04EC0-301F-11D3-BF4B-00C04F79EFBC}") = "ValidationRules.Replication", "ValidationRules.Replication\ValidationRules.Replication.csproj", "{855B881B-8AF1-4E7D-9CB4-9BD8232AAFBC}"
EndProject
Project("{FAE04EC0-301F-11D3-BF4B-00C04F79EFBC}") = "ValidationRules.Replication.Host", "ValidationRules.Replication.Host\ValidationRules.Replication.Host.csproj", "{EFBD4527-7297-4329-81E3-3D1C0C99EC2F}"
EndProject
Project("{FAE04EC0-301F-11D3-BF4B-00C04F79EFBC}") = "ValidationRules.StateInitialization.Host", "ValidationRules.StateInitialization.Host\ValidationRules.StateInitialization.Host.csproj", "{007E4716-14A6-457E-991C-66AFFD9D212E}"
EndProject
Project("{FAE04EC0-301F-11D3-BF4B-00C04F79EFBC}") = "ValidationRules.Storage", "ValidationRules.Storage\ValidationRules.Storage.csproj", "{E799A2EE-408F-467A-8B50-FC729E92D3F3}"
EndProject
Project("{2150E333-8FDC-42A3-9474-1A3956D46DE8}") = "Querying", "Querying", "{7B0EFE8C-9B37-4CD6-B759-CA0BA22B204F}"
EndProject
Project("{8BB2217D-0F2D-49D1-97BC-3654ED321F3B}") = "ValidationRules.WebApp", "ValidationRules.WebApp\src\ValidationRules.WebApp.xproj", "{CA720170-AB4A-4CB4-A896-1E88CF28F3A2}"
EndProject
Project("{FAE04EC0-301F-11D3-BF4B-00C04F79EFBC}") = "ValidationRules.Querying.Host", "ValidationRules.Querying.Host\ValidationRules.Querying.Host.csproj", "{A079B81C-62EC-4658-B8A6-F5E597976DAB}"
EndProject
Project("{FAE04EC0-301F-11D3-BF4B-00C04F79EFBC}") = "ValidationRules.SingleCheck", "ValidationRules.SingleCheck\ValidationRules.SingleCheck.csproj", "{2AEE5EB1-9F9F-49D3-8AA3-A9C9338AAF4B}"
EndProject
Project("{FAE04EC0-301F-11D3-BF4B-00C04F79EFBC}") = "ValidationRules.Replication.Comparison.Tests", "Tests\ValidationRules.Replication.Comparison.Tests\ValidationRules.Replication.Comparison.Tests.csproj", "{037FA64B-8A47-44D2-87A7-02DC4FA4BD0B}"
EndProject
Project("{2150E333-8FDC-42A3-9474-1A3956D46DE8}") = "Packaging", "Packaging", "{6931FFC5-785F-4BB5-9BB6-30BAB1EA8BE9}"
EndProject
Project("{FF286327-C783-4F7A-AB73-9BCBAD0D4460}") = "ValidationRules.Replication.Host", "Packaging\ValidationRules.Replication.Host\ValidationRules.Replication.Host.nuproj", "{A230D3D9-A2D4-4BA9-A004-BB1C8D673E18}"
EndProject
Global
	GlobalSection(SolutionConfigurationPlatforms) = preSolution
		Debug|Any CPU = Debug|Any CPU
		Release|Any CPU = Release|Any CPU
	EndGlobalSection
	GlobalSection(ProjectConfigurationPlatforms) = postSolution
		{8D547BD0-0127-4FC4-AD50-ECDD7BB17152}.Debug|Any CPU.ActiveCfg = Debug|Any CPU
		{8D547BD0-0127-4FC4-AD50-ECDD7BB17152}.Debug|Any CPU.Build.0 = Debug|Any CPU
		{8D547BD0-0127-4FC4-AD50-ECDD7BB17152}.Release|Any CPU.ActiveCfg = Release|Any CPU
		{8D547BD0-0127-4FC4-AD50-ECDD7BB17152}.Release|Any CPU.Build.0 = Release|Any CPU
		{0AC56434-B3DA-48FB-B896-96E45D3122CE}.Debug|Any CPU.ActiveCfg = Debug|Any CPU
		{0AC56434-B3DA-48FB-B896-96E45D3122CE}.Debug|Any CPU.Build.0 = Debug|Any CPU
		{0AC56434-B3DA-48FB-B896-96E45D3122CE}.Release|Any CPU.ActiveCfg = Release|Any CPU
		{0AC56434-B3DA-48FB-B896-96E45D3122CE}.Release|Any CPU.Build.0 = Release|Any CPU
		{70926221-57BA-4FBC-949F-2BFABA903480}.Debug|Any CPU.ActiveCfg = Debug|Any CPU
		{70926221-57BA-4FBC-949F-2BFABA903480}.Debug|Any CPU.Build.0 = Debug|Any CPU
		{70926221-57BA-4FBC-949F-2BFABA903480}.Release|Any CPU.ActiveCfg = Release|Any CPU
		{70926221-57BA-4FBC-949F-2BFABA903480}.Release|Any CPU.Build.0 = Release|Any CPU
		{6C1F4B07-10E4-4072-929A-0FDCDF53BF1B}.Debug|Any CPU.ActiveCfg = Debug|Any CPU
		{6C1F4B07-10E4-4072-929A-0FDCDF53BF1B}.Debug|Any CPU.Build.0 = Debug|Any CPU
		{6C1F4B07-10E4-4072-929A-0FDCDF53BF1B}.Release|Any CPU.ActiveCfg = Release|Any CPU
		{6C1F4B07-10E4-4072-929A-0FDCDF53BF1B}.Release|Any CPU.Build.0 = Release|Any CPU
		{855B881B-8AF1-4E7D-9CB4-9BD8232AAFBC}.Debug|Any CPU.ActiveCfg = Debug|Any CPU
		{855B881B-8AF1-4E7D-9CB4-9BD8232AAFBC}.Debug|Any CPU.Build.0 = Debug|Any CPU
		{855B881B-8AF1-4E7D-9CB4-9BD8232AAFBC}.Release|Any CPU.ActiveCfg = Release|Any CPU
		{855B881B-8AF1-4E7D-9CB4-9BD8232AAFBC}.Release|Any CPU.Build.0 = Release|Any CPU
		{EFBD4527-7297-4329-81E3-3D1C0C99EC2F}.Debug|Any CPU.ActiveCfg = Debug|Any CPU
		{EFBD4527-7297-4329-81E3-3D1C0C99EC2F}.Debug|Any CPU.Build.0 = Debug|Any CPU
		{EFBD4527-7297-4329-81E3-3D1C0C99EC2F}.Release|Any CPU.ActiveCfg = Release|Any CPU
		{EFBD4527-7297-4329-81E3-3D1C0C99EC2F}.Release|Any CPU.Build.0 = Release|Any CPU
		{007E4716-14A6-457E-991C-66AFFD9D212E}.Debug|Any CPU.ActiveCfg = Debug|Any CPU
		{007E4716-14A6-457E-991C-66AFFD9D212E}.Debug|Any CPU.Build.0 = Debug|Any CPU
		{007E4716-14A6-457E-991C-66AFFD9D212E}.Release|Any CPU.ActiveCfg = Release|Any CPU
		{007E4716-14A6-457E-991C-66AFFD9D212E}.Release|Any CPU.Build.0 = Release|Any CPU
		{E799A2EE-408F-467A-8B50-FC729E92D3F3}.Debug|Any CPU.ActiveCfg = Debug|Any CPU
		{E799A2EE-408F-467A-8B50-FC729E92D3F3}.Debug|Any CPU.Build.0 = Debug|Any CPU
		{E799A2EE-408F-467A-8B50-FC729E92D3F3}.Release|Any CPU.ActiveCfg = Release|Any CPU
		{E799A2EE-408F-467A-8B50-FC729E92D3F3}.Release|Any CPU.Build.0 = Release|Any CPU
		{CA720170-AB4A-4CB4-A896-1E88CF28F3A2}.Debug|Any CPU.ActiveCfg = Debug|Any CPU
		{CA720170-AB4A-4CB4-A896-1E88CF28F3A2}.Debug|Any CPU.Build.0 = Debug|Any CPU
		{CA720170-AB4A-4CB4-A896-1E88CF28F3A2}.Release|Any CPU.ActiveCfg = Release|Any CPU
		{CA720170-AB4A-4CB4-A896-1E88CF28F3A2}.Release|Any CPU.Build.0 = Release|Any CPU
		{A079B81C-62EC-4658-B8A6-F5E597976DAB}.Debug|Any CPU.ActiveCfg = Debug|Any CPU
		{A079B81C-62EC-4658-B8A6-F5E597976DAB}.Debug|Any CPU.Build.0 = Debug|Any CPU
		{A079B81C-62EC-4658-B8A6-F5E597976DAB}.Release|Any CPU.ActiveCfg = Release|Any CPU
		{A079B81C-62EC-4658-B8A6-F5E597976DAB}.Release|Any CPU.Build.0 = Release|Any CPU
		{2AEE5EB1-9F9F-49D3-8AA3-A9C9338AAF4B}.Debug|Any CPU.ActiveCfg = Debug|Any CPU
		{2AEE5EB1-9F9F-49D3-8AA3-A9C9338AAF4B}.Debug|Any CPU.Build.0 = Debug|Any CPU
		{2AEE5EB1-9F9F-49D3-8AA3-A9C9338AAF4B}.Release|Any CPU.ActiveCfg = Release|Any CPU
		{2AEE5EB1-9F9F-49D3-8AA3-A9C9338AAF4B}.Release|Any CPU.Build.0 = Release|Any CPU
		{037FA64B-8A47-44D2-87A7-02DC4FA4BD0B}.Debug|Any CPU.ActiveCfg = Debug|Any CPU
		{037FA64B-8A47-44D2-87A7-02DC4FA4BD0B}.Debug|Any CPU.Build.0 = Debug|Any CPU
		{037FA64B-8A47-44D2-87A7-02DC4FA4BD0B}.Release|Any CPU.ActiveCfg = Release|Any CPU
		{037FA64B-8A47-44D2-87A7-02DC4FA4BD0B}.Release|Any CPU.Build.0 = Release|Any CPU
		{A230D3D9-A2D4-4BA9-A004-BB1C8D673E18}.Debug|Any CPU.ActiveCfg = Debug|Any CPU
		{A230D3D9-A2D4-4BA9-A004-BB1C8D673E18}.Debug|Any CPU.Build.0 = Debug|Any CPU
		{A230D3D9-A2D4-4BA9-A004-BB1C8D673E18}.Release|Any CPU.ActiveCfg = Release|Any CPU
		{A230D3D9-A2D4-4BA9-A004-BB1C8D673E18}.Release|Any CPU.Build.0 = Release|Any CPU
	EndGlobalSection
	GlobalSection(SolutionProperties) = preSolution
		HideSolutionNode = FALSE
	EndGlobalSection
	GlobalSection(NestedProjects) = preSolution
		{F3C74BF1-8646-4DB6-AECB-42E10F8542B6} = {8F3C0046-1F47-4C8E-8B03-D35E96686C6F}
		{8A646634-2535-493C-A699-90B4D1C40A83} = {8F3C0046-1F47-4C8E-8B03-D35E96686C6F}
		{8D547BD0-0127-4FC4-AD50-ECDD7BB17152} = {D0CF69C9-AB27-4062-8B7A-D7391C65EFE3}
		{0AC56434-B3DA-48FB-B896-96E45D3122CE} = {D5758A2D-BB93-47E5-A13B-4EEC203D4371}
		{70926221-57BA-4FBC-949F-2BFABA903480} = {D5758A2D-BB93-47E5-A13B-4EEC203D4371}
		{CA720170-AB4A-4CB4-A896-1E88CF28F3A2} = {7B0EFE8C-9B37-4CD6-B759-CA0BA22B204F}
		{A079B81C-62EC-4658-B8A6-F5E597976DAB} = {7B0EFE8C-9B37-4CD6-B759-CA0BA22B204F}
		{037FA64B-8A47-44D2-87A7-02DC4FA4BD0B} = {D5758A2D-BB93-47E5-A13B-4EEC203D4371}
		{A230D3D9-A2D4-4BA9-A004-BB1C8D673E18} = {6931FFC5-785F-4BB5-9BB6-30BAB1EA8BE9}
	EndGlobalSection
	GlobalSection(ExtensibilityGlobals) = postSolution
		EnterpriseLibraryConfigurationToolBinariesPathV6 = packages\EnterpriseLibrary.TransientFaultHandling.6.0.1304.0\lib\portable-net45+win+wp8;packages\EnterpriseLibrary.TransientFaultHandling.ServiceBus.6.0.1304.0\lib\NET45
	EndGlobalSection
EndGlobal
